
Microsoft Visual Studio Solution File, Format Version 12.00
# Visual Studio Version 16
VisualStudioVersion = 16.0.33927.289
MinimumVisualStudioVersion = 10.0.40219.1
Project("{FAE04EC0-301F-11D3-BF4B-00C04F79EFBC}") = "Estilos de Cristina Lopez", "Estilos de Cristina Lopez\Estilos de Cristina Lopez.csproj", "{B68BDD8F-9741-4477-9D41-2B6859559685}"
EndProject
Global
	GlobalSection(SolutionConfigurationPlatforms) = preSolution
		Debug|Any CPU = Debug|Any CPU
		Release|Any CPU = Release|Any CPU
	EndGlobalSection
	GlobalSection(ProjectConfigurationPlatforms) = postSolution
		{B68BDD8F-9741-4477-9D41-2B6859559685}.Debug|Any CPU.ActiveCfg = Debug|Any CPU
		{B68BDD8F-9741-4477-9D41-2B6859559685}.Debug|Any CPU.Build.0 = Debug|Any CPU
		{B68BDD8F-9741-4477-9D41-2B6859559685}.Release|Any CPU.ActiveCfg = Release|Any CPU
		{B68BDD8F-9741-4477-9D41-2B6859559685}.Release|Any CPU.Build.0 = Release|Any CPU
	EndGlobalSection
	GlobalSection(SolutionProperties) = preSolution
		HideSolutionNode = FALSE
	EndGlobalSection
	GlobalSection(ExtensibilityGlobals) = postSolution
		SolutionGuid = {900ABC65-6EF4-45CF-AF57-D9A209C3F454}
	EndGlobalSection
EndGlobal
